
Microsoft Visual Studio Solution File, Format Version 12.00
# Visual Studio Version 16
VisualStudioVersion = 16.0.31702.278
MinimumVisualStudioVersion = 10.0.40219.1
Project("{FAE04EC0-301F-11D3-BF4B-00C04F79EFBC}") = "RoslynBug", "RoslynBug\RoslynBug.csproj", "{67CCA943-3AD1-43C3-933C-362BF5457B3D}"
EndProject
Project("{FAE04EC0-301F-11D3-BF4B-00C04F79EFBC}") = "RoslynBug.Tests", "RoslynBug.Tests\RoslynBug.Tests.csproj", "{7DFA7F97-FF3E-415C-A2EF-ECD9B0013022}"
EndProject
Global
	GlobalSection(SolutionConfigurationPlatforms) = preSolution
		Debug|Any CPU = Debug|Any CPU
		Release|Any CPU = Release|Any CPU
	EndGlobalSection
	GlobalSection(ProjectConfigurationPlatforms) = postSolution
		{67CCA943-3AD1-43C3-933C-362BF5457B3D}.Debug|Any CPU.ActiveCfg = Debug|Any CPU
		{67CCA943-3AD1-43C3-933C-362BF5457B3D}.Debug|Any CPU.Build.0 = Debug|Any CPU
		{67CCA943-3AD1-43C3-933C-362BF5457B3D}.Release|Any CPU.ActiveCfg = Release|Any CPU
		{67CCA943-3AD1-43C3-933C-362BF5457B3D}.Release|Any CPU.Build.0 = Release|Any CPU
		{7DFA7F97-FF3E-415C-A2EF-ECD9B0013022}.Debug|Any CPU.ActiveCfg = Debug|Any CPU
		{7DFA7F97-FF3E-415C-A2EF-ECD9B0013022}.Debug|Any CPU.Build.0 = Debug|Any CPU
		{7DFA7F97-FF3E-415C-A2EF-ECD9B0013022}.Release|Any CPU.ActiveCfg = Release|Any CPU
		{7DFA7F97-FF3E-415C-A2EF-ECD9B0013022}.Release|Any CPU.Build.0 = Release|Any CPU
	EndGlobalSection
	GlobalSection(SolutionProperties) = preSolution
		HideSolutionNode = FALSE
	EndGlobalSection
	GlobalSection(ExtensibilityGlobals) = postSolution
		SolutionGuid = {3A5EAC65-FB31-4E47-9716-72628F8C0178}
	EndGlobalSection
EndGlobal
